// !$*UTF8*$!
{
	archiveVersion = 1;
	classes = {
	};
	objectVersion = 46;
	objects = {

/* Begin PBXBuildFile section */
		0700210A1D96044E004B6F96 /* Reachability.m in Sources */ = {isa = PBXBuildFile; fileRef = 070021091D96044E004B6F96 /* Reachability.m */; };
		072509CD1D885A230056F331 /* FavoritesTableViewController.swift in Sources */ = {isa = PBXBuildFile; fileRef = 072509CC1D885A230056F331 /* FavoritesTableViewController.swift */; };
		072509D91D88A45D0056F331 /* Film Reel.png in Resources */ = {isa = PBXBuildFile; fileRef = 072509D81D88A45D0056F331 /* Film Reel.png */; };
		072509DB1D88A4A60056F331 /* Star Filled.png in Resources */ = {isa = PBXBuildFile; fileRef = 072509DA1D88A4A60056F331 /* Star Filled.png */; };
		073699792321F48700DF9C42 /* Secrets.swift in Sources */ = {isa = PBXBuildFile; fileRef = 073699782321F48700DF9C42 /* Secrets.swift */; };
		0739D9FA1D947E8B00FA269E /* LaunchScreen.storyboard in Resources */ = {isa = PBXBuildFile; fileRef = 0739D9F81D947E8B00FA269E /* LaunchScreen.storyboard */; };
		0739D9FC1D947ED200FA269E /* Clapperboard.png in Resources */ = {isa = PBXBuildFile; fileRef = 0739D9FB1D947ED200FA269E /* Clapperboard.png */; };
		0750FAF92321F3B1008825CB /* Secrets.swift in Sources */ = {isa = PBXBuildFile; fileRef = 07ED876D1DAB1D3C0014154F /* Secrets.swift */; };
		0767EAC51DAB5911007F0088 /* UpcomingMoviesViewController.swift in Sources */ = {isa = PBXBuildFile; fileRef = 0767EAC41DAB5911007F0088 /* UpcomingMoviesViewController.swift */; };
		076B49991D7A6E7700C478D1 /* AppDelegate.swift in Sources */ = {isa = PBXBuildFile; fileRef = 076B49981D7A6E7700C478D1 /* AppDelegate.swift */; };
		076B499B1D7A6E7700C478D1 /* MovieCollectionViewController.swift in Sources */ = {isa = PBXBuildFile; fileRef = 076B499A1D7A6E7700C478D1 /* MovieCollectionViewController.swift */; };
		076B49A11D7A6E7800C478D1 /* MovieApp.xcdatamodeld in Sources */ = {isa = PBXBuildFile; fileRef = 076B499F1D7A6E7800C478D1 /* MovieApp.xcdatamodeld */; };
		076B49A31D7A6E7800C478D1 /* Assets.xcassets in Resources */ = {isa = PBXBuildFile; fileRef = 076B49A21D7A6E7800C478D1 /* Assets.xcassets */; };
		076B49AE1D7A726100C478D1 /* Movie.swift in Sources */ = {isa = PBXBuildFile; fileRef = 076B49AD1D7A726100C478D1 /* Movie.swift */; };
		076B49B21D7A79FB00C478D1 /* OmdbAPIClient.swift in Sources */ = {isa = PBXBuildFile; fileRef = 076B49B11D7A79FB00C478D1 /* OmdbAPIClient.swift */; };
		077CCEA91D8F47D30070C5CF /* ReachabilityInternet.swift in Sources */ = {isa = PBXBuildFile; fileRef = 077CCEA81D8F47D30070C5CF /* ReachabilityInternet.swift */; };
		079385AA1D820F2D00D475EF /* MovieCollectionCell.swift in Sources */ = {isa = PBXBuildFile; fileRef = 079385A91D820F2D00D475EF /* MovieCollectionCell.swift */; };
		0796AAFD1D88E80400927942 /* FavoriteTableViewCell.swift in Sources */ = {isa = PBXBuildFile; fileRef = 0796AAFC1D88E80400927942 /* FavoriteTableViewCell.swift */; };
		079729681D8253C100231DE2 /* MovieDetailViewController.swift in Sources */ = {isa = PBXBuildFile; fileRef = 079729671D8253C100231DE2 /* MovieDetailViewController.swift */; };
		07A5B8E91D863B160091BF43 /* LongPlotViewController.swift in Sources */ = {isa = PBXBuildFile; fileRef = 07A5B8E81D863B160091BF43 /* LongPlotViewController.swift */; };
		07C2E8621D807EF300A2A03B /* MovieDataStore.swift in Sources */ = {isa = PBXBuildFile; fileRef = 07C2E8611D807EF300A2A03B /* MovieDataStore.swift */; };
		07C634CB1D901E9600B3529D /* Favorite+CoreDataProperties.swift in Sources */ = {isa = PBXBuildFile; fileRef = 07C634C71D901E9600B3529D /* Favorite+CoreDataProperties.swift */; };
		07C634CC1D901E9600B3529D /* Favorite.swift in Sources */ = {isa = PBXBuildFile; fileRef = 07C634C81D901E9600B3529D /* Favorite.swift */; };
		07C634CD1D901E9600B3529D /* Movie+CoreDataProperties.swift in Sources */ = {isa = PBXBuildFile; fileRef = 07C634C91D901E9600B3529D /* Movie+CoreDataProperties.swift */; };
		07DF67651DBD81F100358781 /* Main.storyboard in Resources */ = {isa = PBXBuildFile; fileRef = 07DF67641DBD81F100358781 /* Main.storyboard */; };
		07F075031DBD4F6E0097B7A5 /* TrailerViewController.swift in Sources */ = {isa = PBXBuildFile; fileRef = 07F075021DBD4F6E0097B7A5 /* TrailerViewController.swift */; };
		07F3395C1DABE84F00D0F724 /* UpcomingMovies.swift in Sources */ = {isa = PBXBuildFile; fileRef = 07F3395B1DABE84F00D0F724 /* UpcomingMovies.swift */; };
		07F3395E1DABEF6600D0F724 /* UpcomingMovieCollectionViewCell.swift in Sources */ = {isa = PBXBuildFile; fileRef = 07F3395D1DABEF6600D0F724 /* UpcomingMovieCollectionViewCell.swift */; };
		818ABF36D09E66BDEFAB5695 /* Pods_MovieApp.framework in Frameworks */ = {isa = PBXBuildFile; fileRef = 20A10C4E9D0A55F3C9C4A415 /* Pods_MovieApp.framework */; };
/* End PBXBuildFile section */

/* Begin PBXFileReference section */
		070021081D960444004B6F96 /* Reachability.h */ = {isa = PBXFileReference; fileEncoding = 4; lastKnownFileType = sourcecode.c.h; path = Reachability.h; sourceTree = "<group>"; };
		070021091D96044E004B6F96 /* Reachability.m */ = {isa = PBXFileReference; fileEncoding = 4; lastKnownFileType = sourcecode.c.objc; path = Reachability.m; sourceTree = "<group>"; };
		0700210B1D960471004B6F96 /* MovieApp-Bridging-Header.h */ = {isa = PBXFileReference; fileEncoding = 4; lastKnownFileType = sourcecode.c.h; path = "MovieApp-Bridging-Header.h"; sourceTree = "<group>"; };
		072509CC1D885A230056F331 /* FavoritesTableViewController.swift */ = {isa = PBXFileReference; fileEncoding = 4; lastKnownFileType = sourcecode.swift; path = FavoritesTableViewController.swift; sourceTree = "<group>"; };
		072509D81D88A45D0056F331 /* Film Reel.png */ = {isa = PBXFileReference; lastKnownFileType = image.png; name = "Film Reel.png"; path = "../Film Reel.png"; sourceTree = "<group>"; };
		072509DA1D88A4A60056F331 /* Star Filled.png */ = {isa = PBXFileReference; lastKnownFileType = image.png; name = "Star Filled.png"; path = "../Star Filled.png"; sourceTree = "<group>"; };
		073699782321F48700DF9C42 /* Secrets.swift */ = {isa = PBXFileReference; lastKnownFileType = sourcecode.swift; path = Secrets.swift; sourceTree = "<group>"; };
		0739D9F91D947E8B00FA269E /* Base */ = {isa = PBXFileReference; lastKnownFileType = file.storyboard; name = Base; path = Base.lproj/LaunchScreen.storyboard; sourceTree = "<group>"; };
		0739D9FB1D947ED200FA269E /* Clapperboard.png */ = {isa = PBXFileReference; lastKnownFileType = image.png; path = Clapperboard.png; sourceTree = "<group>"; };
		0767EAC41DAB5911007F0088 /* UpcomingMoviesViewController.swift */ = {isa = PBXFileReference; fileEncoding = 4; lastKnownFileType = sourcecode.swift; path = UpcomingMoviesViewController.swift; sourceTree = "<group>"; };
		076B49951D7A6E7700C478D1 /* MovieApp.app */ = {isa = PBXFileReference; explicitFileType = wrapper.application; includeInIndex = 0; path = MovieApp.app; sourceTree = BUILT_PRODUCTS_DIR; };
		076B49981D7A6E7700C478D1 /* AppDelegate.swift */ = {isa = PBXFileReference; lastKnownFileType = sourcecode.swift; path = AppDelegate.swift; sourceTree = "<group>"; };
		076B499A1D7A6E7700C478D1 /* MovieCollectionViewController.swift */ = {isa = PBXFileReference; lastKnownFileType = sourcecode.swift; path = MovieCollectionViewController.swift; sourceTree = "<group>"; };
		076B49A01D7A6E7800C478D1 /* MovieApp.xcdatamodel */ = {isa = PBXFileReference; lastKnownFileType = wrapper.xcdatamodel; path = MovieApp.xcdatamodel; sourceTree = "<group>"; };
		076B49A21D7A6E7800C478D1 /* Assets.xcassets */ = {isa = PBXFileReference; lastKnownFileType = folder.assetcatalog; path = Assets.xcassets; sourceTree = "<group>"; };
		076B49A71D7A6E7800C478D1 /* Info.plist */ = {isa = PBXFileReference; lastKnownFileType = text.plist.xml; path = Info.plist; sourceTree = "<group>"; };
		076B49AD1D7A726100C478D1 /* Movie.swift */ = {isa = PBXFileReference; fileEncoding = 4; lastKnownFileType = sourcecode.swift; path = Movie.swift; sourceTree = "<group>"; };
		076B49B11D7A79FB00C478D1 /* OmdbAPIClient.swift */ = {isa = PBXFileReference; fileEncoding = 4; lastKnownFileType = sourcecode.swift; path = OmdbAPIClient.swift; sourceTree = "<group>"; };
		077CCEA81D8F47D30070C5CF /* ReachabilityInternet.swift */ = {isa = PBXFileReference; fileEncoding = 4; lastKnownFileType = sourcecode.swift; path = ReachabilityInternet.swift; sourceTree = "<group>"; };
		079385A91D820F2D00D475EF /* MovieCollectionCell.swift */ = {isa = PBXFileReference; fileEncoding = 4; lastKnownFileType = sourcecode.swift; name = MovieCollectionCell.swift; path = ../MovieCollectionCell.swift; sourceTree = "<group>"; };
		0796AAFC1D88E80400927942 /* FavoriteTableViewCell.swift */ = {isa = PBXFileReference; fileEncoding = 4; lastKnownFileType = sourcecode.swift; path = FavoriteTableViewCell.swift; sourceTree = "<group>"; };
		079729671D8253C100231DE2 /* MovieDetailViewController.swift */ = {isa = PBXFileReference; fileEncoding = 4; lastKnownFileType = sourcecode.swift; name = MovieDetailViewController.swift; path = ../MovieDetailViewController.swift; sourceTree = "<group>"; };
		07A5B8E81D863B160091BF43 /* LongPlotViewController.swift */ = {isa = PBXFileReference; fileEncoding = 4; lastKnownFileType = sourcecode.swift; name = LongPlotViewController.swift; path = ../LongPlotViewController.swift; sourceTree = "<group>"; };
		07C2E8611D807EF300A2A03B /* MovieDataStore.swift */ = {isa = PBXFileReference; fileEncoding = 4; lastKnownFileType = sourcecode.swift; path = MovieDataStore.swift; sourceTree = "<group>"; };
		07C634C71D901E9600B3529D /* Favorite+CoreDataProperties.swift */ = {isa = PBXFileReference; fileEncoding = 4; lastKnownFileType = sourcecode.swift; name = "Favorite+CoreDataProperties.swift"; path = "../Favorite+CoreDataProperties.swift"; sourceTree = "<group>"; };
		07C634C81D901E9600B3529D /* Favorite.swift */ = {isa = PBXFileReference; fileEncoding = 4; lastKnownFileType = sourcecode.swift; name = Favorite.swift; path = ../Favorite.swift; sourceTree = "<group>"; };
		07C634C91D901E9600B3529D /* Movie+CoreDataProperties.swift */ = {isa = PBXFileReference; fileEncoding = 4; lastKnownFileType = sourcecode.swift; name = "Movie+CoreDataProperties.swift"; path = "../Movie+CoreDataProperties.swift"; sourceTree = "<group>"; };
		07DF67641DBD81F100358781 /* Main.storyboard */ = {isa = PBXFileReference; fileEncoding = 4; lastKnownFileType = file.storyboard; path = Main.storyboard; sourceTree = "<group>"; };
		07ED876D1DAB1D3C0014154F /* Secrets.swift */ = {isa = PBXFileReference; fileEncoding = 4; lastKnownFileType = sourcecode.swift; path = Secrets.swift; sourceTree = "<group>"; };
		07F075021DBD4F6E0097B7A5 /* TrailerViewController.swift */ = {isa = PBXFileReference; fileEncoding = 4; lastKnownFileType = sourcecode.swift; path = TrailerViewController.swift; sourceTree = "<group>"; };
		07F3395B1DABE84F00D0F724 /* UpcomingMovies.swift */ = {isa = PBXFileReference; fileEncoding = 4; lastKnownFileType = sourcecode.swift; path = UpcomingMovies.swift; sourceTree = "<group>"; };
		07F3395D1DABEF6600D0F724 /* UpcomingMovieCollectionViewCell.swift */ = {isa = PBXFileReference; fileEncoding = 4; lastKnownFileType = sourcecode.swift; path = UpcomingMovieCollectionViewCell.swift; sourceTree = "<group>"; };
		20A10C4E9D0A55F3C9C4A415 /* Pods_MovieApp.framework */ = {isa = PBXFileReference; explicitFileType = wrapper.framework; includeInIndex = 0; path = Pods_MovieApp.framework; sourceTree = BUILT_PRODUCTS_DIR; };
		33FFF83864556F9172194358 /* Pods-MovieApp.release.xcconfig */ = {isa = PBXFileReference; includeInIndex = 1; lastKnownFileType = text.xcconfig; name = "Pods-MovieApp.release.xcconfig"; path = "Pods/Target Support Files/Pods-MovieApp/Pods-MovieApp.release.xcconfig"; sourceTree = "<group>"; };
		7B9278E7EAFC505D2F488EC3 /* Pods-MovieApp.debug.xcconfig */ = {isa = PBXFileReference; includeInIndex = 1; lastKnownFileType = text.xcconfig; name = "Pods-MovieApp.debug.xcconfig"; path = "Pods/Target Support Files/Pods-MovieApp/Pods-MovieApp.debug.xcconfig"; sourceTree = "<group>"; };
/* End PBXFileReference section */

/* Begin PBXFrameworksBuildPhase section */
		076B49921D7A6E7700C478D1 /* Frameworks */ = {
			isa = PBXFrameworksBuildPhase;
			buildActionMask = 2147483647;
			files = (
				818ABF36D09E66BDEFAB5695 /* Pods_MovieApp.framework in Frameworks */,
			);
			runOnlyForDeploymentPostprocessing = 0;
		};
/* End PBXFrameworksBuildPhase section */

/* Begin PBXGroup section */
		076B498C1D7A6E7700C478D1 = {
			isa = PBXGroup;
			children = (
				076B49971D7A6E7700C478D1 /* MovieApp */,
				076B49961D7A6E7700C478D1 /* Products */,
				8A59C7106D6A7D81D67E2780 /* Pods */,
				E9DADE2E2B4707C472B9CF68 /* Frameworks */,
			);
			sourceTree = "<group>";
		};
		076B49961D7A6E7700C478D1 /* Products */ = {
			isa = PBXGroup;
			children = (
				076B49951D7A6E7700C478D1 /* MovieApp.app */,
			);
			name = Products;
			sourceTree = "<group>";
		};
		076B49971D7A6E7700C478D1 /* MovieApp */ = {
			isa = PBXGroup;
			children = (
				07E736111D9D7D5900F7C268 /* View Controllers */,
				07E7360D1D9D7CCD00F7C268 /* Model */,
				07E7360C1D9D7C9C00F7C268 /* Internet */,
				076B49A21D7A6E7800C478D1 /* Assets.xcassets */,
				0739D9F81D947E8B00FA269E /* LaunchScreen.storyboard */,
				076B49A71D7A6E7800C478D1 /* Info.plist */,
			);
			path = MovieApp;
			sourceTree = "<group>";
		};
		07E7360C1D9D7C9C00F7C268 /* Internet */ = {
			isa = PBXGroup;
			children = (
				07DF67641DBD81F100358781 /* Main.storyboard */,
				077CCEA81D8F47D30070C5CF /* ReachabilityInternet.swift */,
				0700210B1D960471004B6F96 /* MovieApp-Bridging-Header.h */,
				070021091D96044E004B6F96 /* Reachability.m */,
				070021081D960444004B6F96 /* Reachability.h */,
			);
			name = Internet;
			sourceTree = "<group>";
		};
		07E7360D1D9D7CCD00F7C268 /* Model */ = {
			isa = PBXGroup;
			children = (
				076B49B11D7A79FB00C478D1 /* OmdbAPIClient.swift */,
				07ED876D1DAB1D3C0014154F /* Secrets.swift */,
				073699782321F48700DF9C42 /* Secrets.swift */,
				076B49AD1D7A726100C478D1 /* Movie.swift */,
				07C2E8611D807EF300A2A03B /* MovieDataStore.swift */,
				07F3395B1DABE84F00D0F724 /* UpcomingMovies.swift */,
				07C634C81D901E9600B3529D /* Favorite.swift */,
				076B499F1D7A6E7800C478D1 /* MovieApp.xcdatamodeld */,
				07C634C91D901E9600B3529D /* Movie+CoreDataProperties.swift */,
				07C634C71D901E9600B3529D /* Favorite+CoreDataProperties.swift */,
				076B49981D7A6E7700C478D1 /* AppDelegate.swift */,
			);
			name = Model;
			sourceTree = "<group>";
		};
		07E736111D9D7D5900F7C268 /* View Controllers */ = {
			isa = PBXGroup;
			children = (
				07E736121D9D7D8D00F7C268 /* Pics */,
				079385A91D820F2D00D475EF /* MovieCollectionCell.swift */,
				07F3395D1DABEF6600D0F724 /* UpcomingMovieCollectionViewCell.swift */,
				076B499A1D7A6E7700C478D1 /* MovieCollectionViewController.swift */,
				079729671D8253C100231DE2 /* MovieDetailViewController.swift */,
				07A5B8E81D863B160091BF43 /* LongPlotViewController.swift */,
				0796AAFC1D88E80400927942 /* FavoriteTableViewCell.swift */,
				072509CC1D885A230056F331 /* FavoritesTableViewController.swift */,
				0767EAC41DAB5911007F0088 /* UpcomingMoviesViewController.swift */,
				07F075021DBD4F6E0097B7A5 /* TrailerViewController.swift */,
			);
			name = "View Controllers";
			sourceTree = "<group>";
		};
		07E736121D9D7D8D00F7C268 /* Pics */ = {
			isa = PBXGroup;
			children = (
				072509DA1D88A4A60056F331 /* Star Filled.png */,
				072509D81D88A45D0056F331 /* Film Reel.png */,
				0739D9FB1D947ED200FA269E /* Clapperboard.png */,
			);
			name = Pics;
			sourceTree = "<group>";
		};
		8A59C7106D6A7D81D67E2780 /* Pods */ = {
			isa = PBXGroup;
			children = (
				7B9278E7EAFC505D2F488EC3 /* Pods-MovieApp.debug.xcconfig */,
				33FFF83864556F9172194358 /* Pods-MovieApp.release.xcconfig */,
			);
			name = Pods;
			sourceTree = "<group>";
		};
		E9DADE2E2B4707C472B9CF68 /* Frameworks */ = {
			isa = PBXGroup;
			children = (
				20A10C4E9D0A55F3C9C4A415 /* Pods_MovieApp.framework */,
			);
			name = Frameworks;
			sourceTree = "<group>";
		};
/* End PBXGroup section */

/* Begin PBXNativeTarget section */
		076B49941D7A6E7700C478D1 /* MovieApp */ = {
			isa = PBXNativeTarget;
			buildConfigurationList = 076B49AA1D7A6E7800C478D1 /* Build configuration list for PBXNativeTarget "MovieApp" */;
			buildPhases = (
				99A7B75108A929546F9BCC5A /* [CP] Check Pods Manifest.lock */,
				076B49911D7A6E7700C478D1 /* Sources */,
				076B49921D7A6E7700C478D1 /* Frameworks */,
				076B49931D7A6E7700C478D1 /* Resources */,
				AB4678271C63088EE39766B6 /* [CP] Embed Pods Frameworks */,
				3B8A5A11D53C2083D49AF1C5 /* [CP] Copy Pods Resources */,
			);
			buildRules = (
			);
			dependencies = (
			);
			name = MovieApp;
			productName = MovieApp;
			productReference = 076B49951D7A6E7700C478D1 /* MovieApp.app */;
			productType = "com.apple.product-type.application";
		};
/* End PBXNativeTarget section */

/* Begin PBXProject section */
		076B498D1D7A6E7700C478D1 /* Project object */ = {
			isa = PBXProject;
			attributes = {
				LastSwiftUpdateCheck = 0730;
				LastUpgradeCheck = 1030;
				ORGANIZATIONNAME = "Erica Gutierrez";
				TargetAttributes = {
					076B49941D7A6E7700C478D1 = {
						CreatedOnToolsVersion = 7.3.1;
						DevelopmentTeam = T3746P4E48;
						LastSwiftMigration = 1030;
					};
				};
			};
			buildConfigurationList = 076B49901D7A6E7700C478D1 /* Build configuration list for PBXProject "MovieApp" */;
			compatibilityVersion = "Xcode 3.2";
			developmentRegion = en;
			hasScannedForEncodings = 0;
			knownRegions = (
				en,
				Base,
			);
			mainGroup = 076B498C1D7A6E7700C478D1;
			productRefGroup = 076B49961D7A6E7700C478D1 /* Products */;
			projectDirPath = "";
			projectRoot = "";
			targets = (
				076B49941D7A6E7700C478D1 /* MovieApp */,
			);
		};
/* End PBXProject section */

/* Begin PBXResourcesBuildPhase section */
		076B49931D7A6E7700C478D1 /* Resources */ = {
			isa = PBXResourcesBuildPhase;
			buildActionMask = 2147483647;
			files = (
				0739D9FA1D947E8B00FA269E /* LaunchScreen.storyboard in Resources */,
				072509D91D88A45D0056F331 /* Film Reel.png in Resources */,
				076B49A31D7A6E7800C478D1 /* Assets.xcassets in Resources */,
				07DF67651DBD81F100358781 /* Main.storyboard in Resources */,
				072509DB1D88A4A60056F331 /* Star Filled.png in Resources */,
				0739D9FC1D947ED200FA269E /* Clapperboard.png in Resources */,
			);
			runOnlyForDeploymentPostprocessing = 0;
		};
/* End PBXResourcesBuildPhase section */

/* Begin PBXShellScriptBuildPhase section */
		3B8A5A11D53C2083D49AF1C5 /* [CP] Copy Pods Resources */ = {
			isa = PBXShellScriptBuildPhase;
			buildActionMask = 2147483647;
			files = (
			);
			inputPaths = (
			);
			name = "[CP] Copy Pods Resources";
			outputPaths = (
			);
			runOnlyForDeploymentPostprocessing = 0;
			shellPath = /bin/sh;
			shellScript = "\"${SRCROOT}/Pods/Target Support Files/Pods-MovieApp/Pods-MovieApp-resources.sh\"\n";
			showEnvVarsInLog = 0;
		};
		99A7B75108A929546F9BCC5A /* [CP] Check Pods Manifest.lock */ = {
			isa = PBXShellScriptBuildPhase;
			buildActionMask = 2147483647;
			files = (
			);
			inputPaths = (
			);
			name = "[CP] Check Pods Manifest.lock";
			outputPaths = (
			);
			runOnlyForDeploymentPostprocessing = 0;
			shellPath = /bin/sh;
			shellScript = "diff \"${PODS_ROOT}/../Podfile.lock\" \"${PODS_ROOT}/Manifest.lock\" > /dev/null\nif [ $? != 0 ] ; then\n    # print error to STDERR\n    echo \"error: The sandbox is not in sync with the Podfile.lock. Run 'pod install' or update your CocoaPods installation.\" >&2\n    exit 1\nfi\n";
			showEnvVarsInLog = 0;
		};
		AB4678271C63088EE39766B6 /* [CP] Embed Pods Frameworks */ = {
			isa = PBXShellScriptBuildPhase;
			buildActionMask = 2147483647;
			files = (
			);
			inputPaths = (
			);
			name = "[CP] Embed Pods Frameworks";
			outputPaths = (
			);
			runOnlyForDeploymentPostprocessing = 0;
			shellPath = /bin/sh;
			shellScript = "\"${SRCROOT}/Pods/Target Support Files/Pods-MovieApp/Pods-MovieApp-frameworks.sh\"\n";
			showEnvVarsInLog = 0;
		};
/* End PBXShellScriptBuildPhase section */

/* Begin PBXSourcesBuildPhase section */
		076B49911D7A6E7700C478D1 /* Sources */ = {
			isa = PBXSourcesBuildPhase;
			buildActionMask = 2147483647;
			files = (
				079385AA1D820F2D00D475EF /* MovieCollectionCell.swift in Sources */,
				07F3395C1DABE84F00D0F724 /* UpcomingMovies.swift in Sources */,
				07C634CD1D901E9600B3529D /* Movie+CoreDataProperties.swift in Sources */,
				07C634CC1D901E9600B3529D /* Favorite.swift in Sources */,
				07A5B8E91D863B160091BF43 /* LongPlotViewController.swift in Sources */,
				076B499B1D7A6E7700C478D1 /* MovieCollectionViewController.swift in Sources */,
				072509CD1D885A230056F331 /* FavoritesTableViewController.swift in Sources */,
				07F3395E1DABEF6600D0F724 /* UpcomingMovieCollectionViewCell.swift in Sources */,
				076B49B21D7A79FB00C478D1 /* OmdbAPIClient.swift in Sources */,
				07C634CB1D901E9600B3529D /* Favorite+CoreDataProperties.swift in Sources */,
				076B49991D7A6E7700C478D1 /* AppDelegate.swift in Sources */,
				079729681D8253C100231DE2 /* MovieDetailViewController.swift in Sources */,
				07F075031DBD4F6E0097B7A5 /* TrailerViewController.swift in Sources */,
				0700210A1D96044E004B6F96 /* Reachability.m in Sources */,
				076B49AE1D7A726100C478D1 /* Movie.swift in Sources */,
				076B49A11D7A6E7800C478D1 /* MovieApp.xcdatamodeld in Sources */,
				0750FAF92321F3B1008825CB /* Secrets.swift in Sources */,
				07C2E8621D807EF300A2A03B /* MovieDataStore.swift in Sources */,
				0767EAC51DAB5911007F0088 /* UpcomingMoviesViewController.swift in Sources */,
				0796AAFD1D88E80400927942 /* FavoriteTableViewCell.swift in Sources */,
				077CCEA91D8F47D30070C5CF /* ReachabilityInternet.swift in Sources */,
				073699792321F48700DF9C42 /* Secrets.swift in Sources */,
			);
			runOnlyForDeploymentPostprocessing = 0;
		};
/* End PBXSourcesBuildPhase section */

/* Begin PBXVariantGroup section */
		0739D9F81D947E8B00FA269E /* LaunchScreen.storyboard */ = {
			isa = PBXVariantGroup;
			children = (
				0739D9F91D947E8B00FA269E /* Base */,
			);
			name = LaunchScreen.storyboard;
			sourceTree = "<group>";
		};
/* End PBXVariantGroup section */

/* Begin XCBuildConfiguration section */
		076B49A81D7A6E7800C478D1 /* Debug */ = {
			isa = XCBuildConfiguration;
			buildSettings = {
				ALWAYS_SEARCH_USER_PATHS = NO;
				CLANG_ANALYZER_LOCALIZABILITY_NONLOCALIZED = YES;
				CLANG_ANALYZER_NONNULL = YES;
				CLANG_CXX_LANGUAGE_STANDARD = "gnu++0x";
				CLANG_CXX_LIBRARY = "libc++";
				CLANG_ENABLE_MODULES = YES;
				CLANG_ENABLE_OBJC_ARC = YES;
				CLANG_WARN_BLOCK_CAPTURE_AUTORELEASING = YES;
				CLANG_WARN_BOOL_CONVERSION = YES;
				CLANG_WARN_COMMA = YES;
				CLANG_WARN_CONSTANT_CONVERSION = YES;
				CLANG_WARN_DEPRECATED_OBJC_IMPLEMENTATIONS = YES;
				CLANG_WARN_DIRECT_OBJC_ISA_USAGE = YES_ERROR;
				CLANG_WARN_EMPTY_BODY = YES;
				CLANG_WARN_ENUM_CONVERSION = YES;
				CLANG_WARN_INFINITE_RECURSION = YES;
				CLANG_WARN_INT_CONVERSION = YES;
				CLANG_WARN_NON_LITERAL_NULL_CONVERSION = YES;
				CLANG_WARN_OBJC_IMPLICIT_RETAIN_SELF = YES;
				CLANG_WARN_OBJC_LITERAL_CONVERSION = YES;
				CLANG_WARN_OBJC_ROOT_CLASS = YES_ERROR;
				CLANG_WARN_RANGE_LOOP_ANALYSIS = YES;
				CLANG_WARN_STRICT_PROTOTYPES = YES;
				CLANG_WARN_SUSPICIOUS_MOVE = YES;
				CLANG_WARN_UNREACHABLE_CODE = YES;
				CLANG_WARN__DUPLICATE_METHOD_MATCH = YES;
				"CODE_SIGN_IDENTITY[sdk=iphoneos*]" = "iPhone Developer";
				COPY_PHASE_STRIP = NO;
				DEBUG_INFORMATION_FORMAT = dwarf;
				ENABLE_STRICT_OBJC_MSGSEND = YES;
				ENABLE_TESTABILITY = YES;
				GCC_C_LANGUAGE_STANDARD = gnu99;
				GCC_DYNAMIC_NO_PIC = NO;
				GCC_NO_COMMON_BLOCKS = YES;
				GCC_OPTIMIZATION_LEVEL = 0;
				GCC_PREPROCESSOR_DEFINITIONS = (
					"DEBUG=1",
					"$(inherited)",
				);
				GCC_WARN_64_TO_32_BIT_CONVERSION = YES;
				GCC_WARN_ABOUT_RETURN_TYPE = YES_ERROR;
				GCC_WARN_UNDECLARED_SELECTOR = YES;
				GCC_WARN_UNINITIALIZED_AUTOS = YES_AGGRESSIVE;
				GCC_WARN_UNUSED_FUNCTION = YES;
				GCC_WARN_UNUSED_VARIABLE = YES;
				IPHONEOS_DEPLOYMENT_TARGET = 9.3;
				MTL_ENABLE_DEBUG_INFO = YES;
				ONLY_ACTIVE_ARCH = YES;
				SDKROOT = iphoneos;
				SWIFT_OPTIMIZATION_LEVEL = "-Onone";
				SWIFT_VERSION = 4.0;
				TARGETED_DEVICE_FAMILY = "1,2";
			};
			name = Debug;
		};
		076B49A91D7A6E7800C478D1 /* Release */ = {
			isa = XCBuildConfiguration;
			buildSettings = {
				ALWAYS_SEARCH_USER_PATHS = NO;
				CLANG_ANALYZER_LOCALIZABILITY_NONLOCALIZED = YES;
				CLANG_ANALYZER_NONNULL = YES;
				CLANG_CXX_LANGUAGE_STANDARD = "gnu++0x";
				CLANG_CXX_LIBRARY = "libc++";
				CLANG_ENABLE_MODULES = YES;
				CLANG_ENABLE_OBJC_ARC = YES;
				CLANG_WARN_BLOCK_CAPTURE_AUTORELEASING = YES;
				CLANG_WARN_BOOL_CONVERSION = YES;
				CLANG_WARN_COMMA = YES;
				CLANG_WARN_CONSTANT_CONVERSION = YES;
				CLANG_WARN_DEPRECATED_OBJC_IMPLEMENTATIONS = YES;
				CLANG_WARN_DIRECT_OBJC_ISA_USAGE = YES_ERROR;
				CLANG_WARN_EMPTY_BODY = YES;
				CLANG_WARN_ENUM_CONVERSION = YES;
				CLANG_WARN_INFINITE_RECURSION = YES;
				CLANG_WARN_INT_CONVERSION = YES;
				CLANG_WARN_NON_LITERAL_NULL_CONVERSION = YES;
				CLANG_WARN_OBJC_IMPLICIT_RETAIN_SELF = YES;
				CLANG_WARN_OBJC_LITERAL_CONVERSION = YES;
				CLANG_WARN_OBJC_ROOT_CLASS = YES_ERROR;
				CLANG_WARN_RANGE_LOOP_ANALYSIS = YES;
				CLANG_WARN_STRICT_PROTOTYPES = YES;
				CLANG_WARN_SUSPICIOUS_MOVE = YES;
				CLANG_WARN_UNREACHABLE_CODE = YES;
				CLANG_WARN__DUPLICATE_METHOD_MATCH = YES;
				"CODE_SIGN_IDENTITY[sdk=iphoneos*]" = "iPhone Developer";
				COPY_PHASE_STRIP = NO;
				DEBUG_INFORMATION_FORMAT = "dwarf-with-dsym";
				ENABLE_NS_ASSERTIONS = NO;
				ENABLE_STRICT_OBJC_MSGSEND = YES;
				GCC_C_LANGUAGE_STANDARD = gnu99;
				GCC_NO_COMMON_BLOCKS = YES;
				GCC_WARN_64_TO_32_BIT_CONVERSION = YES;
				GCC_WARN_ABOUT_RETURN_TYPE = YES_ERROR;
				GCC_WARN_UNDECLARED_SELECTOR = YES;
				GCC_WARN_UNINITIALIZED_AUTOS = YES_AGGRESSIVE;
				GCC_WARN_UNUSED_FUNCTION = YES;
				GCC_WARN_UNUSED_VARIABLE = YES;
				IPHONEOS_DEPLOYMENT_TARGET = 9.3;
				MTL_ENABLE_DEBUG_INFO = NO;
				SDKROOT = iphoneos;
				SWIFT_OPTIMIZATION_LEVEL = "-Owholemodule";
				SWIFT_VERSION = 4.0;
				TARGETED_DEVICE_FAMILY = "1,2";
				VALIDATE_PRODUCT = YES;
			};
			name = Release;
		};
		076B49AB1D7A6E7800C478D1 /* Debug */ = {
			isa = XCBuildConfiguration;
			baseConfigurationReference = 7B9278E7EAFC505D2F488EC3 /* Pods-MovieApp.debug.xcconfig */;
			buildSettings = {
				ASSETCATALOG_COMPILER_APPICON_NAME = AppIcon;
				CLANG_ENABLE_MODULES = YES;
				CODE_SIGN_IDENTITY = "iPhone Developer";
				"CODE_SIGN_IDENTITY[sdk=iphoneos*]" = "iPhone Developer";
				DEVELOPMENT_TEAM = T3746P4E48;
				INFOPLIST_FILE = MovieApp/Info.plist;
				LD_RUNPATH_SEARCH_PATHS = "$(inherited) @executable_path/Frameworks";
				PRODUCT_BUNDLE_IDENTIFIER = com.ericagutierrez.FavMovie;
				PRODUCT_NAME = "$(TARGET_NAME)";
				PROVISIONING_PROFILE = "";
				SWIFT_OBJC_BRIDGING_HEADER = "MovieApp/MovieApp-Bridging-Header.h";
				SWIFT_OPTIMIZATION_LEVEL = "-Onone";
				SWIFT_VERSION = 5.0;
			};
			name = Debug;
		};
		076B49AC1D7A6E7800C478D1 /* Release */ = {
			isa = XCBuildConfiguration;
			baseConfigurationReference = 33FFF83864556F9172194358 /* Pods-MovieApp.release.xcconfig */;
			buildSettings = {
				ASSETCATALOG_COMPILER_APPICON_NAME = AppIcon;
				CLANG_ENABLE_MODULES = YES;
				CODE_SIGN_IDENTITY = "iPhone Developer";
				"CODE_SIGN_IDENTITY[sdk=iphoneos*]" = "iPhone Developer";
				DEVELOPMENT_TEAM = T3746P4E48;
				INFOPLIST_FILE = MovieApp/Info.plist;
				LD_RUNPATH_SEARCH_PATHS = "$(inherited) @executable_path/Frameworks";
				PRODUCT_BUNDLE_IDENTIFIER = com.ericagutierrez.FavMovie;
				PRODUCT_NAME = "$(TARGET_NAME)";
				PROVISIONING_PROFILE = "";
				SWIFT_OBJC_BRIDGING_HEADER = "MovieApp/MovieApp-Bridging-Header.h";
				SWIFT_VERSION = 5.0;
			};
			name = Release;
		};
/* End XCBuildConfiguration section */

/* Begin XCConfigurationList section */
		076B49901D7A6E7700C478D1 /* Build configuration list for PBXProject "MovieApp" */ = {
			isa = XCConfigurationList;
			buildConfigurations = (
				076B49A81D7A6E7800C478D1 /* Debug */,
				076B49A91D7A6E7800C478D1 /* Release */,
			);
			defaultConfigurationIsVisible = 0;
			defaultConfigurationName = Release;
		};
		076B49AA1D7A6E7800C478D1 /* Build configuration list for PBXNativeTarget "MovieApp" */ = {
			isa = XCConfigurationList;
			buildConfigurations = (
				076B49AB1D7A6E7800C478D1 /* Debug */,
				076B49AC1D7A6E7800C478D1 /* Release */,
			);
			defaultConfigurationIsVisible = 0;
			defaultConfigurationName = Release;
		};
/* End XCConfigurationList section */

/* Begin XCVersionGroup section */
		076B499F1D7A6E7800C478D1 /* MovieApp.xcdatamodeld */ = {
			isa = XCVersionGroup;
			children = (
				076B49A01D7A6E7800C478D1 /* MovieApp.xcdatamodel */,
			);
			currentVersion = 076B49A01D7A6E7800C478D1 /* MovieApp.xcdatamodel */;
			path = MovieApp.xcdatamodeld;
			sourceTree = "<group>";
			versionGroupType = wrapper.xcdatamodel;
		};
/* End XCVersionGroup section */
	};
	rootObject = 076B498D1D7A6E7700C478D1 /* Project object */;
}
